
Microsoft Visual Studio Solution File, Format Version 12.00
# Visual Studio 14
VisualStudioVersion = 14.0.23107.0
MinimumVisualStudioVersion = 10.0.40219.1
Project("{FAE04EC0-301F-11D3-BF4B-00C04F79EFBC}") = "EF6Auditing", "EF6Auditing\EF6Auditing.csproj", "{31A68B77-8975-4594-863B-AB2C16426194}"
EndProject
Project("{FAE04EC0-301F-11D3-BF4B-00C04F79EFBC}") = "EF6Auditing.UnitTests", "EF6Auditing.UnitTests\EF6Auditing.UnitTests.csproj", "{E7EA8DB9-E574-4F34-AEF2-0B0201F475C3}"
EndProject
Project("{2150E333-8FDC-42A3-9474-1A3956D46DE8}") = "Solution Items", "Solution Items", "{3A0CEF17-E56C-4398-9DF4-00A204DC576F}"
	ProjectSection(SolutionItems) = preProject
		EF6Auditing.1.0.0.nuspec = EF6Auditing.1.0.0.nuspec
	EndProjectSection
EndProject
Global
	GlobalSection(SolutionConfigurationPlatforms) = preSolution
		Debug|Any CPU = Debug|Any CPU
		Release|Any CPU = Release|Any CPU
	EndGlobalSection
	GlobalSection(ProjectConfigurationPlatforms) = postSolution
		{31A68B77-8975-4594-863B-AB2C16426194}.Debug|Any CPU.ActiveCfg = Debug|Any CPU
		{31A68B77-8975-4594-863B-AB2C16426194}.Debug|Any CPU.Build.0 = Debug|Any CPU
		{31A68B77-8975-4594-863B-AB2C16426194}.Release|Any CPU.ActiveCfg = Release|Any CPU
		{31A68B77-8975-4594-863B-AB2C16426194}.Release|Any CPU.Build.0 = Release|Any CPU
		{E7EA8DB9-E574-4F34-AEF2-0B0201F475C3}.Debug|Any CPU.ActiveCfg = Debug|Any CPU
		{E7EA8DB9-E574-4F34-AEF2-0B0201F475C3}.Debug|Any CPU.Build.0 = Debug|Any CPU
		{E7EA8DB9-E574-4F34-AEF2-0B0201F475C3}.Release|Any CPU.ActiveCfg = Release|Any CPU
		{E7EA8DB9-E574-4F34-AEF2-0B0201F475C3}.Release|Any CPU.Build.0 = Release|Any CPU
	EndGlobalSection
	GlobalSection(SolutionProperties) = preSolution
		HideSolutionNode = FALSE
	EndGlobalSection
EndGlobal
